// !$*UTF8*$!
{
	archiveVersion = 1;
	classes = {
	};
	objectVersion = 46;
	objects = {

/* Begin PBXBuildFile section */
		04D0F88C1DDCCB67001D56B1 /* main.m in Sources */ = {isa = PBXBuildFile; fileRef = 04D0F88B1DDCCB67001D56B1 /* main.m */; };
		04D0F88F1DDCCB67001D56B1 /* AppDelegate.m in Sources */ = {isa = PBXBuildFile; fileRef = 04D0F88E1DDCCB67001D56B1 /* AppDelegate.m */; };
		04D0F8921DDCCB67001D56B1 /* ViewController.m in Sources */ = {isa = PBXBuildFile; fileRef = 04D0F8911DDCCB67001D56B1 /* ViewController.m */; };
		04D0F8951DDCCB67001D56B1 /* Main.storyboard in Resources */ = {isa = PBXBuildFile; fileRef = 04D0F8931DDCCB67001D56B1 /* Main.storyboard */; };
		04D0F8971DDCCB67001D56B1 /* Assets.xcassets in Resources */ = {isa = PBXBuildFile; fileRef = 04D0F8961DDCCB67001D56B1 /* Assets.xcassets */; };
		04D0F89A1DDCCB67001D56B1 /* LaunchScreen.storyboard in Resources */ = {isa = PBXBuildFile; fileRef = 04D0F8981DDCCB67001D56B1 /* LaunchScreen.storyboard */; };
		04D0F8A51DDCCB6A001D56B1 /* ITWeatherTests.m in Sources */ = {isa = PBXBuildFile; fileRef = 04D0F8A41DDCCB6A001D56B1 /* ITWeatherTests.m */; };
		04D0F8B01DDCCB6A001D56B1 /* ITWeatherUITests.m in Sources */ = {isa = PBXBuildFile; fileRef = 04D0F8AF1DDCCB6A001D56B1 /* ITWeatherUITests.m */; };
/* End PBXBuildFile section */

/* Begin PBXContainerItemProxy section */
		04D0F8A11DDCCB6A001D56B1 /* PBXContainerItemProxy */ = {
			isa = PBXContainerItemProxy;
			containerPortal = 04D0F87F1DDCCB66001D56B1 /* Project object */;
			proxyType = 1;
			remoteGlobalIDString = 04D0F8861DDCCB66001D56B1;
			remoteInfo = ITWeather;
		};
		04D0F8AC1DDCCB6A001D56B1 /* PBXContainerItemProxy */ = {
			isa = PBXContainerItemProxy;
			containerPortal = 04D0F87F1DDCCB66001D56B1 /* Project object */;
			proxyType = 1;
			remoteGlobalIDString = 04D0F8861DDCCB66001D56B1;
			remoteInfo = ITWeather;
		};
/* End PBXContainerItemProxy section */

/* Begin PBXFileReference section */
		04D0F8871DDCCB67001D56B1 /* ITWeather.app */ = {isa = PBXFileReference; explicitFileType = wrapper.application; includeInIndex = 0; path = ITWeather.app; sourceTree = BUILT_PRODUCTS_DIR; };
		04D0F88B1DDCCB67001D56B1 /* main.m */ = {isa = PBXFileReference; lastKnownFileType = sourcecode.c.objc; path = main.m; sourceTree = "<group>"; };
		04D0F88D1DDCCB67001D56B1 /* AppDelegate.h */ = {isa = PBXFileReference; lastKnownFileType = sourcecode.c.h; path = AppDelegate.h; sourceTree = "<group>"; };
		04D0F88E1DDCCB67001D56B1 /* AppDelegate.m */ = {isa = PBXFileReference; lastKnownFileType = sourcecode.c.objc; path = AppDelegate.m; sourceTree = "<group>"; };
		04D0F8901DDCCB67001D56B1 /* ViewController.h */ = {isa = PBXFileReference; lastKnownFileType = sourcecode.c.h; path = ViewController.h; sourceTree = "<group>"; };
		04D0F8911DDCCB67001D56B1 /* ViewController.m */ = {isa = PBXFileReference; lastKnownFileType = sourcecode.c.objc; path = ViewController.m; sourceTree = "<group>"; };
		04D0F8941DDCCB67001D56B1 /* Base */ = {isa = PBXFileReference; lastKnownFileType = file.storyboard; name = Base; path = Base.lproj/Main.storyboard; sourceTree = "<group>"; };
		04D0F8961DDCCB67001D56B1 /* Assets.xcassets */ = {isa = PBXFileReference; lastKnownFileType = folder.assetcatalog; path = Assets.xcassets; sourceTree = "<group>"; };
		04D0F8991DDCCB67001D56B1 /* Base */ = {isa = PBXFileReference; lastKnownFileType = file.storyboard; name = Base; path = Base.lproj/LaunchScreen.storyboard; sourceTree = "<group>"; };
		04D0F89B1DDCCB67001D56B1 /* Info.plist */ = {isa = PBXFileReference; lastKnownFileType = text.plist.xml; path = Info.plist; sourceTree = "<group>"; };
		04D0F8A01DDCCB6A001D56B1 /* ITWeatherTests.xctest */ = {isa = PBXFileReference; explicitFileType = wrapper.cfbundle; includeInIndex = 0; path = ITWeatherTests.xctest; sourceTree = BUILT_PRODUCTS_DIR; };
		04D0F8A41DDCCB6A001D56B1 /* ITWeatherTests.m */ = {isa = PBXFileReference; lastKnownFileType = sourcecode.c.objc; path = ITWeatherTests.m; sourceTree = "<group>"; };
		04D0F8A61DDCCB6A001D56B1 /* Info.plist */ = {isa = PBXFileReference; lastKnownFileType = text.plist.xml; path = Info.plist; sourceTree = "<group>"; };
		04D0F8AB1DDCCB6A001D56B1 /* ITWeatherUITests.xctest */ = {isa = PBXFileReference; explicitFileType = wrapper.cfbundle; includeInIndex = 0; path = ITWeatherUITests.xctest; sourceTree = BUILT_PRODUCTS_DIR; };
		04D0F8AF1DDCCB6A001D56B1 /* ITWeatherUITests.m */ = {isa = PBXFileReference; lastKnownFileType = sourcecode.c.objc; path = ITWeatherUITests.m; sourceTree = "<group>"; };
		04D0F8B11DDCCB6A001D56B1 /* Info.plist */ = {isa = PBXFileReference; lastKnownFileType = text.plist.xml; path = Info.plist; sourceTree = "<group>"; };
/* End PBXFileReference section */

/* Begin PBXFrameworksBuildPhase section */
		04D0F8841DDCCB66001D56B1 /* Frameworks */ = {
			isa = PBXFrameworksBuildPhase;
			buildActionMask = 2147483647;
			files = (
			);
			runOnlyForDeploymentPostprocessing = 0;
		};
		04D0F89D1DDCCB6A001D56B1 /* Frameworks */ = {
			isa = PBXFrameworksBuildPhase;
			buildActionMask = 2147483647;
			files = (
			);
			runOnlyForDeploymentPostprocessing = 0;
		};
		04D0F8A81DDCCB6A001D56B1 /* Frameworks */ = {
			isa = PBXFrameworksBuildPhase;
			buildActionMask = 2147483647;
			files = (
			);
			runOnlyForDeploymentPostprocessing = 0;
		};
/* End PBXFrameworksBuildPhase section */

/* Begin PBXGroup section */
		04D0F87E1DDCCB66001D56B1 = {
			isa = PBXGroup;
			children = (
				04D0F8891DDCCB67001D56B1 /* ITWeather */,
				04D0F8A31DDCCB6A001D56B1 /* ITWeatherTests */,
				04D0F8AE1DDCCB6A001D56B1 /* ITWeatherUITests */,
				04D0F8881DDCCB67001D56B1 /* Products */,
			);
			sourceTree = "<group>";
		};
		04D0F8881DDCCB67001D56B1 /* Products */ = {
			isa = PBXGroup;
			children = (
				04D0F8871DDCCB67001D56B1 /* ITWeather.app */,
				04D0F8A01DDCCB6A001D56B1 /* ITWeatherTests.xctest */,
				04D0F8AB1DDCCB6A001D56B1 /* ITWeatherUITests.xctest */,
			);
			name = Products;
			sourceTree = "<group>";
		};
		04D0F8891DDCCB67001D56B1 /* ITWeather */ = {
			isa = PBXGroup;
			children = (
				04D0F88D1DDCCB67001D56B1 /* AppDelegate.h */,
				04D0F88E1DDCCB67001D56B1 /* AppDelegate.m */,
				04D0F8901DDCCB67001D56B1 /* ViewController.h */,
				04D0F8911DDCCB67001D56B1 /* ViewController.m */,
				04D0F8931DDCCB67001D56B1 /* Main.storyboard */,
				04D0F8961DDCCB67001D56B1 /* Assets.xcassets */,
				04D0F8981DDCCB67001D56B1 /* LaunchScreen.storyboard */,
				04D0F89B1DDCCB67001D56B1 /* Info.plist */,
				04D0F88A1DDCCB67001D56B1 /* Supporting Files */,
			);
			path = ITWeather;
			sourceTree = "<group>";
		};
		04D0F88A1DDCCB67001D56B1 /* Supporting Files */ = {
			isa = PBXGroup;
			children = (
				04D0F88B1DDCCB67001D56B1 /* main.m */,
			);
			name = "Supporting Files";
			sourceTree = "<group>";
		};
		04D0F8A31DDCCB6A001D56B1 /* ITWeatherTests */ = {
			isa = PBXGroup;
			children = (
				04D0F8A41DDCCB6A001D56B1 /* ITWeatherTests.m */,
				04D0F8A61DDCCB6A001D56B1 /* Info.plist */,
			);
			path = ITWeatherTests;
			sourceTree = "<group>";
		};
		04D0F8AE1DDCCB6A001D56B1 /* ITWeatherUITests */ = {
			isa = PBXGroup;
			children = (
				04D0F8AF1DDCCB6A001D56B1 /* ITWeatherUITests.m */,
				04D0F8B11DDCCB6A001D56B1 /* Info.plist */,
			);
			path = ITWeatherUITests;
			sourceTree = "<group>";
		};
/* End PBXGroup section */

/* Begin PBXNativeTarget section */
		04D0F8861DDCCB66001D56B1 /* ITWeather */ = {
			isa = PBXNativeTarget;
			buildConfigurationList = 04D0F8B41DDCCB6A001D56B1 /* Build configuration list for PBXNativeTarget "ITWeather" */;
			buildPhases = (
				04D0F8831DDCCB66001D56B1 /* Sources */,
				04D0F8841DDCCB66001D56B1 /* Frameworks */,
				04D0F8851DDCCB66001D56B1 /* Resources */,
			);
			buildRules = (
			);
			dependencies = (
			);
			name = ITWeather;
			productName = ITWeather;
			productReference = 04D0F8871DDCCB67001D56B1 /* ITWeather.app */;
			productType = "com.apple.product-type.application";
		};
		04D0F89F1DDCCB6A001D56B1 /* ITWeatherTests */ = {
			isa = PBXNativeTarget;
			buildConfigurationList = 04D0F8B71DDCCB6A001D56B1 /* Build configuration list for PBXNativeTarget "ITWeatherTests" */;
			buildPhases = (
				04D0F89C1DDCCB6A001D56B1 /* Sources */,
				04D0F89D1DDCCB6A001D56B1 /* Frameworks */,
				04D0F89E1DDCCB6A001D56B1 /* Resources */,
			);
			buildRules = (
			);
			dependencies = (
				04D0F8A21DDCCB6A001D56B1 /* PBXTargetDependency */,
			);
			name = ITWeatherTests;
			productName = ITWeatherTests;
			productReference = 04D0F8A01DDCCB6A001D56B1 /* ITWeatherTests.xctest */;
			productType = "com.apple.product-type.bundle.unit-test";
		};
		04D0F8AA1DDCCB6A001D56B1 /* ITWeatherUITests */ = {
			isa = PBXNativeTarget;
			buildConfigurationList = 04D0F8BA1DDCCB6A001D56B1 /* Build configuration list for PBXNativeTarget "ITWeatherUITests" */;
			buildPhases = (
				04D0F8A71DDCCB6A001D56B1 /* Sources */,
				04D0F8A81DDCCB6A001D56B1 /* Frameworks */,
				04D0F8A91DDCCB6A001D56B1 /* Resources */,
			);
			buildRules = (
			);
			dependencies = (
				04D0F8AD1DDCCB6A001D56B1 /* PBXTargetDependency */,
			);
			name = ITWeatherUITests;
			productName = ITWeatherUITests;
			productReference = 04D0F8AB1DDCCB6A001D56B1 /* ITWeatherUITests.xctest */;
			productType = "com.apple.product-type.bundle.ui-testing";
		};
/* End PBXNativeTarget section */

/* Begin PBXProject section */
		04D0F87F1DDCCB66001D56B1 /* Project object */ = {
			isa = PBXProject;
			attributes = {
				LastUpgradeCheck = 0800;
				ORGANIZATIONNAME = Ivan;
				TargetAttributes = {
					04D0F8861DDCCB66001D56B1 = {
						CreatedOnToolsVersion = 8.0;
						ProvisioningStyle = Automatic;
					};
					04D0F89F1DDCCB6A001D56B1 = {
						CreatedOnToolsVersion = 8.0;
						ProvisioningStyle = Automatic;
						TestTargetID = 04D0F8861DDCCB66001D56B1;
					};
					04D0F8AA1DDCCB6A001D56B1 = {
						CreatedOnToolsVersion = 8.0;
						ProvisioningStyle = Automatic;
						TestTargetID = 04D0F8861DDCCB66001D56B1;
					};
				};
			};
			buildConfigurationList = 04D0F8821DDCCB66001D56B1 /* Build configuration list for PBXProject "ITWeather" */;
			compatibilityVersion = "Xcode 3.2";
			developmentRegion = English;
			hasScannedForEncodings = 0;
			knownRegions = (
				en,
				Base,
			);
			mainGroup = 04D0F87E1DDCCB66001D56B1;
			productRefGroup = 04D0F8881DDCCB67001D56B1 /* Products */;
			projectDirPath = "";
			projectRoot = "";
			targets = (
				04D0F8861DDCCB66001D56B1 /* ITWeather */,
				04D0F89F1DDCCB6A001D56B1 /* ITWeatherTests */,
				04D0F8AA1DDCCB6A001D56B1 /* ITWeatherUITests */,
			);
		};
/* End PBXProject section */

/* Begin PBXResourcesBuildPhase section */
		04D0F8851DDCCB66001D56B1 /* Resources */ = {
			isa = PBXResourcesBuildPhase;
			buildActionMask = 2147483647;
			files = (
				04D0F89A1DDCCB67001D56B1 /* LaunchScreen.storyboard in Resources */,
				04D0F8971DDCCB67001D56B1 /* Assets.xcassets in Resources */,
				04D0F8951DDCCB67001D56B1 /* Main.storyboard in Resources */,
			);
			runOnlyForDeploymentPostprocessing = 0;
		};
		04D0F89E1DDCCB6A001D56B1 /* Resources */ = {
			isa = PBXResourcesBuildPhase;
			buildActionMask = 2147483647;
			files = (
			);
			runOnlyForDeploymentPostprocessing = 0;
		};
		04D0F8A91DDCCB6A001D56B1 /* Resources */ = {
			isa = PBXResourcesBuildPhase;
			buildActionMask = 2147483647;
			files = (
			);
			runOnlyForDeploymentPostprocessing = 0;
		};
/* End PBXResourcesBuildPhase section */

/* Begin PBXSourcesBuildPhase section */
		04D0F8831DDCCB66001D56B1 /* Sources */ = {
			isa = PBXSourcesBuildPhase;
			buildActionMask = 2147483647;
			files = (
				04D0F8921DDCCB67001D56B1 /* ViewController.m in Sources */,
				04D0F88F1DDCCB67001D56B1 /* AppDelegate.m in Sources */,
				04D0F88C1DDCCB67001D56B1 /* main.m in Sources */,
			);
			runOnlyForDeploymentPostprocessing = 0;
		};
		04D0F89C1DDCCB6A001D56B1 /* Sources */ = {
			isa = PBXSourcesBuildPhase;
			buildActionMask = 2147483647;
			files = (
				04D0F8A51DDCCB6A001D56B1 /* ITWeatherTests.m in Sources */,
			);
			runOnlyForDeploymentPostprocessing = 0;
		};
		04D0F8A71DDCCB6A001D56B1 /* Sources */ = {
			isa = PBXSourcesBuildPhase;
			buildActionMask = 2147483647;
			files = (
				04D0F8B01DDCCB6A001D56B1 /* ITWeatherUITests.m in Sources */,
			);
			runOnlyForDeploymentPostprocessing = 0;
		};
/* End PBXSourcesBuildPhase section */

/* Begin PBXTargetDependency section */
		04D0F8A21DDCCB6A001D56B1 /* PBXTargetDependency */ = {
			isa = PBXTargetDependency;
			target = 04D0F8861DDCCB66001D56B1 /* ITWeather */;
			targetProxy = 04D0F8A11DDCCB6A001D56B1 /* PBXContainerItemProxy */;
		};
		04D0F8AD1DDCCB6A001D56B1 /* PBXTargetDependency */ = {
			isa = PBXTargetDependency;
			target = 04D0F8861DDCCB66001D56B1 /* ITWeather */;
			targetProxy = 04D0F8AC1DDCCB6A001D56B1 /* PBXContainerItemProxy */;
		};
/* End PBXTargetDependency section */

/* Begin PBXVariantGroup section */
		04D0F8931DDCCB67001D56B1 /* Main.storyboard */ = {
			isa = PBXVariantGroup;
			children = (
				04D0F8941DDCCB67001D56B1 /* Base */,
			);
			name = Main.storyboard;
			sourceTree = "<group>";
		};
		04D0F8981DDCCB67001D56B1 /* LaunchScreen.storyboard */ = {
			isa = PBXVariantGroup;
			children = (
				04D0F8991DDCCB67001D56B1 /* Base */,
			);
			name = LaunchScreen.storyboard;
			sourceTree = "<group>";
		};
/* End PBXVariantGroup section */

/* Begin XCBuildConfiguration section */
		04D0F8B21DDCCB6A001D56B1 /* Debug */ = {
			isa = XCBuildConfiguration;
			buildSettings = {
				ALWAYS_SEARCH_USER_PATHS = NO;
				CLANG_ANALYZER_NONNULL = YES;
				CLANG_CXX_LANGUAGE_STANDARD = "gnu++0x";
				CLANG_CXX_LIBRARY = "libc++";
				CLANG_ENABLE_MODULES = YES;
				CLANG_ENABLE_OBJC_ARC = YES;
				CLANG_WARN_BOOL_CONVERSION = YES;
				CLANG_WARN_CONSTANT_CONVERSION = YES;
				CLANG_WARN_DIRECT_OBJC_ISA_USAGE = YES_ERROR;
				CLANG_WARN_DOCUMENTATION_COMMENTS = YES;
				CLANG_WARN_EMPTY_BODY = YES;
				CLANG_WARN_ENUM_CONVERSION = YES;
				CLANG_WARN_INFINITE_RECURSION = YES;
				CLANG_WARN_INT_CONVERSION = YES;
				CLANG_WARN_OBJC_ROOT_CLASS = YES_ERROR;
				CLANG_WARN_SUSPICIOUS_MOVES = YES;
				CLANG_WARN_UNREACHABLE_CODE = YES;
				CLANG_WARN__DUPLICATE_METHOD_MATCH = YES;
				"CODE_SIGN_IDENTITY[sdk=iphoneos*]" = "iPhone Developer";
				COPY_PHASE_STRIP = NO;
				DEBUG_INFORMATION_FORMAT = dwarf;
				ENABLE_STRICT_OBJC_MSGSEND = YES;
				ENABLE_TESTABILITY = YES;
				GCC_C_LANGUAGE_STANDARD = gnu99;
				GCC_DYNAMIC_NO_PIC = NO;
				GCC_NO_COMMON_BLOCKS = YES;
				GCC_OPTIMIZATION_LEVEL = 0;
				GCC_PREPROCESSOR_DEFINITIONS = (
					"DEBUG=1",
					"$(inherited)",
				);
				GCC_WARN_64_TO_32_BIT_CONVERSION = YES;
				GCC_WARN_ABOUT_RETURN_TYPE = YES_ERROR;
				GCC_WARN_UNDECLARED_SELECTOR = YES;
				GCC_WARN_UNINITIALIZED_AUTOS = YES_AGGRESSIVE;
				GCC_WARN_UNUSED_FUNCTION = YES;
				GCC_WARN_UNUSED_VARIABLE = YES;
				IPHONEOS_DEPLOYMENT_TARGET = 10.0;
				MTL_ENABLE_DEBUG_INFO = YES;
				ONLY_ACTIVE_ARCH = YES;
				SDKROOT = iphoneos;
				TARGETED_DEVICE_FAMILY = "1,2";
			};
			name = Debug;
		};
		04D0F8B31DDCCB6A001D56B1 /* Release */ = {
			isa = XCBuildConfiguration;
			buildSettings = {
				ALWAYS_SEARCH_USER_PATHS = NO;
				CLANG_ANALYZER_NONNULL = YES;
				CLANG_CXX_LANGUAGE_STANDARD = "gnu++0x";
				CLANG_CXX_LIBRARY = "libc++";
				CLANG_ENABLE_MODULES = YES;
				CLANG_ENABLE_OBJC_ARC = YES;
				CLANG_WARN_BOOL_CONVERSION = YES;
				CLANG_WARN_CONSTANT_CONVERSION = YES;
				CLANG_WARN_DIRECT_OBJC_ISA_USAGE = YES_ERROR;
				CLANG_WARN_DOCUMENTATION_COMMENTS = YES;
				CLANG_WARN_EMPTY_BODY = YES;
				CLANG_WARN_ENUM_CONVERSION = YES;
				CLANG_WARN_INFINITE_RECURSION = YES;
				CLANG_WARN_INT_CONVERSION = YES;
				CLANG_WARN_OBJC_ROOT_CLASS = YES_ERROR;
				CLANG_WARN_SUSPICIOUS_MOVES = YES;
				CLANG_WARN_UNREACHABLE_CODE = YES;
				CLANG_WARN__DUPLICATE_METHOD_MATCH = YES;
				"CODE_SIGN_IDENTITY[sdk=iphoneos*]" = "iPhone Developer";
				COPY_PHASE_STRIP = NO;
				DEBUG_INFORMATION_FORMAT = "dwarf-with-dsym";
				ENABLE_NS_ASSERTIONS = NO;
				ENABLE_STRICT_OBJC_MSGSEND = YES;
				GCC_C_LANGUAGE_STANDARD = gnu99;
				GCC_NO_COMMON_BLOCKS = YES;
				GCC_WARN_64_TO_32_BIT_CONVERSION = YES;
				GCC_WARN_ABOUT_RETURN_TYPE = YES_ERROR;
				GCC_WARN_UNDECLARED_SELECTOR = YES;
				GCC_WARN_UNINITIALIZED_AUTOS = YES_AGGRESSIVE;
				GCC_WARN_UNUSED_FUNCTION = YES;
				GCC_WARN_UNUSED_VARIABLE = YES;
				IPHONEOS_DEPLOYMENT_TARGET = 10.0;
				MTL_ENABLE_DEBUG_INFO = NO;
				SDKROOT = iphoneos;
				TARGETED_DEVICE_FAMILY = "1,2";
				VALIDATE_PRODUCT = YES;
			};
			name = Release;
		};
		04D0F8B51DDCCB6A001D56B1 /* Debug */ = {
			isa = XCBuildConfiguration;
			buildSettings = {
				ASSETCATALOG_COMPILER_APPICON_NAME = AppIcon;
				INFOPLIST_FILE = ITWeather/Info.plist;
				LD_RUNPATH_SEARCH_PATHS = "$(inherited) @executable_path/Frameworks";
				PRODUCT_BUNDLE_IDENTIFIER = IT.ITWeather;
				PRODUCT_NAME = "$(TARGET_NAME)";
			};
			name = Debug;
		};
		04D0F8B61DDCCB6A001D56B1 /* Release */ = {
			isa = XCBuildConfiguration;
			buildSettings = {
				ASSETCATALOG_COMPILER_APPICON_NAME = AppIcon;
				INFOPLIST_FILE = ITWeather/Info.plist;
				LD_RUNPATH_SEARCH_PATHS = "$(inherited) @executable_path/Frameworks";
				PRODUCT_BUNDLE_IDENTIFIER = IT.ITWeather;
				PRODUCT_NAME = "$(TARGET_NAME)";
			};
			name = Release;
		};
		04D0F8B81DDCCB6A001D56B1 /* Debug */ = {
			isa = XCBuildConfiguration;
			buildSettings = {
				BUNDLE_LOADER = "$(TEST_HOST)";
				INFOPLIST_FILE = ITWeatherTests/Info.plist;
				LD_RUNPATH_SEARCH_PATHS = "$(inherited) @executable_path/Frameworks @loader_path/Frameworks";
				PRODUCT_BUNDLE_IDENTIFIER = IT.ITWeatherTests;
				PRODUCT_NAME = "$(TARGET_NAME)";
				TEST_HOST = "$(BUILT_PRODUCTS_DIR)/ITWeather.app/ITWeather";
			};
			name = Debug;
		};
		04D0F8B91DDCCB6A001D56B1 /* Release */ = {
			isa = XCBuildConfiguration;
			buildSettings = {
				BUNDLE_LOADER = "$(TEST_HOST)";
				INFOPLIST_FILE = ITWeatherTests/Info.plist;
				LD_RUNPATH_SEARCH_PATHS = "$(inherited) @executable_path/Frameworks @loader_path/Frameworks";
				PRODUCT_BUNDLE_IDENTIFIER = IT.ITWeatherTests;
				PRODUCT_NAME = "$(TARGET_NAME)";
				TEST_HOST = "$(BUILT_PRODUCTS_DIR)/ITWeather.app/ITWeather";
			};
			name = Release;
		};
		04D0F8BB1DDCCB6A001D56B1 /* Debug */ = {
			isa = XCBuildConfiguration;
			buildSettings = {
				INFOPLIST_FILE = ITWeatherUITests/Info.plist;
				LD_RUNPATH_SEARCH_PATHS = "$(inherited) @executable_path/Frameworks @loader_path/Frameworks";
				PRODUCT_BUNDLE_IDENTIFIER = IT.ITWeatherUITests;
				PRODUCT_NAME = "$(TARGET_NAME)";
				TEST_TARGET_NAME = ITWeather;
			};
			name = Debug;
		};
		04D0F8BC1DDCCB6A001D56B1 /* Release */ = {
			isa = XCBuildConfiguration;
			buildSettings = {
				INFOPLIST_FILE = ITWeatherUITests/Info.plist;
				LD_RUNPATH_SEARCH_PATHS = "$(inherited) @executable_path/Frameworks @loader_path/Frameworks";
				PRODUCT_BUNDLE_IDENTIFIER = IT.ITWeatherUITests;
				PRODUCT_NAME = "$(TARGET_NAME)";
				TEST_TARGET_NAME = ITWeather;
			};
			name = Release;
		};
/* End XCBuildConfiguration section */

/* Begin XCConfigurationList section */
		04D0F8821DDCCB66001D56B1 /* Build configuration list for PBXProject "ITWeather" */ = {
			isa = XCConfigurationList;
			buildConfigurations = (
				04D0F8B21DDCCB6A001D56B1 /* Debug */,
				04D0F8B31DDCCB6A001D56B1 /* Release */,
			);
			defaultConfigurationIsVisible = 0;
			defaultConfigurationName = Release;
		};
		04D0F8B41DDCCB6A001D56B1 /* Build configuration list for PBXNativeTarget "ITWeather" */ = {
			isa = XCConfigurationList;
			buildConfigurations = (
				04D0F8B51DDCCB6A001D56B1 /* Debug */,
				04D0F8B61DDCCB6A001D56B1 /* Release */,
			);
			defaultConfigurationIsVisible = 0;
		};
		04D0F8B71DDCCB6A001D56B1 /* Build configuration list for PBXNativeTarget "ITWeatherTests" */ = {
			isa = XCConfigurationList;
			buildConfigurations = (
				04D0F8B81DDCCB6A001D56B1 /* Debug */,
				04D0F8B91DDCCB6A001D56B1 /* Release */,
			);
			defaultConfigurationIsVisible = 0;
		};
		04D0F8BA1DDCCB6A001D56B1 /* Build configuration list for PBXNativeTarget "ITWeatherUITests" */ = {
			isa = XCConfigurationList;
			buildConfigurations = (
				04D0F8BB1DDCCB6A001D56B1 /* Debug */,
				04D0F8BC1DDCCB6A001D56B1 /* Release */,
			);
			defaultConfigurationIsVisible = 0;
		};
/* End XCConfigurationList section */
	};
	rootObject = 04D0F87F1DDCCB66001D56B1 /* Project object */;
}
